%{"decimal": {:hex, :decimal, "1.1.0"},
  "ecto": {:hex, :ecto, "0.9.0"},
  "erlang-sqlite3": {:git, "git://github.com/alexeyr/erlang-sqlite3.git", "32149a35ad323ca02864de309e89ebea31e665ab", []},
  "esqlite": {:git, "git://github.com/mmzeeman/esqlite.git", "58e5e6ed55f45d3813bfc4bd2e966178809b390e", []},
  "poolboy": {:hex, :poolboy, "1.4.2"},
  "sqlite3": {:git, "git://github.com/alexeyr/erlang-sqlite3.git", "32149a35ad323ca02864de309e89ebea31e665ab", []}}
